
Microsoft Visual Studio Solution File, Format Version 12.00
# Visual Studio Version 16
VisualStudioVersion = 16.0.30804.86
MinimumVisualStudioVersion = 10.0.40219.1
Project("{FAE04EC0-301F-11D3-BF4B-00C04F79EFBC}") = "veri_cekme", "veri_cekme\veri_cekme.csproj", "{0E693864-9A00-4DDB-A901-4C0C073698AF}"
EndProject
Global
	GlobalSection(SolutionConfigurationPlatforms) = preSolution
		Debug|Any CPU = Debug|Any CPU
		Release|Any CPU = Release|Any CPU
	EndGlobalSection
	GlobalSection(ProjectConfigurationPlatforms) = postSolution
		{0E693864-9A00-4DDB-A901-4C0C073698AF}.Debug|Any CPU.ActiveCfg = Debug|Any CPU
		{0E693864-9A00-4DDB-A901-4C0C073698AF}.Debug|Any CPU.Build.0 = Debug|Any CPU
		{0E693864-9A00-4DDB-A901-4C0C073698AF}.Release|Any CPU.ActiveCfg = Release|Any CPU
		{0E693864-9A00-4DDB-A901-4C0C073698AF}.Release|Any CPU.Build.0 = Release|Any CPU
	EndGlobalSection
	GlobalSection(SolutionProperties) = preSolution
		HideSolutionNode = FALSE
	EndGlobalSection
	GlobalSection(ExtensibilityGlobals) = postSolution
		SolutionGuid = {F474D801-6B78-4515-AF7D-45047A183481}
	EndGlobalSection
EndGlobal
